<?xml version="1.0" encoding="UTF-8"?>
<Scheme
   LastUpgradeVersion = "1500"
   version = "1.7">
   <BuildAction
      parallelizeBuildables = "YES"
      buildImplicitDependencies = "YES">
      <BuildActionEntries>
         <BuildActionEntry
            buildForTesting = "YES"
            buildForRunning = "YES"
            buildForProfiling = "YES"
            buildForArchiving = "YES"
            buildForAnalyzing = "YES">
            <BuildableReference
               BuildableIdentifier = "primary"
               BlueprintIdentifier = "746853752B0CAE9700E48DFE"
               BuildableName = "Niffler.app"
               BlueprintName = "Niffler"
               ReferencedContainer = "container:Niffler.xcodeproj">
            </BuildableReference>
         </BuildActionEntry>
      </BuildActionEntries>
   </BuildAction>
   <TestAction
      buildConfiguration = "Debug"
      selectedDebuggerIdentifier = "Xcode.DebuggerFoundation.Debugger.LLDB"
      selectedLauncherIdentifier = "Xcode.DebuggerFoundation.Launcher.LLDB"
      shouldUseLaunchSchemeArgsEnv = "YES">
      <TestPlans>
         <TestPlanReference
            reference = "container:Niffler.xctestplan"
            default = "YES">
         </TestPlanReference>
      </TestPlans>
      <Testables>
         <TestableReference
            skipped = "NO"
            parallelizable = "YES">
            <BuildableReference
               BuildableIdentifier = "primary"
               BlueprintIdentifier = "746853872B0CAE9900E48DFE"
               BuildableName = "NifflerTests.xctest"
               BlueprintName = "NifflerTests"
               ReferencedContainer = "container:Niffler.xcodeproj">
            </BuildableReference>
         </TestableReference>
         <TestableReference
            skipped = "NO"
            parallelizable = "YES">
            <BuildableReference
               BuildableIdentifier = "primary"
               BlueprintIdentifier = "74D55B762BE12B9600AEF67D"
               BuildableName = "NifflerUITests.xctest"
               BlueprintName = "NifflerUITests"
               ReferencedContainer = "container:Niffler.xcodeproj">
            </BuildableReference>
         </TestableReference>
      </Testables>
   </TestAction>
   <LaunchAction
      buildConfiguration = "Debug"
      selectedDebuggerIdentifier = "Xcode.DebuggerFoundation.Debugger.LLDB"
      selectedLauncherIdentifier = "Xcode.DebuggerFoundation.Launcher.LLDB"
      launchStyle = "0"
      useCustomWorkingDirectory = "NO"
      ignoresPersistentStateOnLaunch = "NO"
      debugDocumentVersioning = "YES"
      debugServiceExtension = "internal"
      allowLocationSimulation = "YES">
      <BuildableProductRunnable
         runnableDebuggingMode = "0">
         <BuildableReference
            BuildableIdentifier = "primary"
            BlueprintIdentifier = "746853752B0CAE9700E48DFE"
            BuildableName = "Niffler.app"
            BlueprintName = "Niffler"
            ReferencedContainer = "container:Niffler.xcodeproj">
         </BuildableReference>
      </BuildableProductRunnable>
      <EnvironmentVariables>
         <EnvironmentVariable
            key = "username"
            value = "stage"
            isEnabled = "YES">
         </EnvironmentVariable>
         <EnvironmentVariable
            key = "password"
            value = "12345"
            isEnabled = "YES">
         </EnvironmentVariable>
         <EnvironmentVariable
            key = "description"
            value = "Hello kiity"
            isEnabled = "YES">
         </EnvironmentVariable>
         <EnvironmentVariable
            key = "amount"
            value = "300"
            isEnabled = "YES">
         </EnvironmentVariable>
         <EnvironmentVariable
            key = "selectedCategory"
            value = "&#x420;&#x44b;&#x431;&#x430;&#x43b;&#x43a;&#x430;"
            isEnabled = "YES">
         </EnvironmentVariable>
      </EnvironmentVariables>
   </LaunchAction>
   <ProfileAction
      buildConfiguration = "Release"
      shouldUseLaunchSchemeArgsEnv = "YES"
      savedToolIdentifier = ""
      useCustomWorkingDirectory = "NO"
      debugDocumentVersioning = "YES">
      <BuildableProductRunnable
         runnableDebuggingMode = "0">
         <BuildableReference
            BuildableIdentifier = "primary"
            BlueprintIdentifier = "746853752B0CAE9700E48DFE"
            BuildableName = "Niffler.app"
            BlueprintName = "Niffler"
            ReferencedContainer = "container:Niffler.xcodeproj">
         </BuildableReference>
      </BuildableProductRunnable>
   </ProfileAction>
   <AnalyzeAction
      buildConfiguration = "Debug">
   </AnalyzeAction>
   <ArchiveAction
      buildConfiguration = "Release"
      revealArchiveInOrganizer = "YES">
   </ArchiveAction>
</Scheme>
