// !$*UTF8*$!
{
	archiveVersion = 1;
	classes = {
	};
	objectVersion = 60;
	objects = {

/* Begin PBXBuildFile section */
		7468537A2B0CAE9700E48DFE /* NifflerApp.swift in Sources */ = {isa = PBXBuildFile; fileRef = 746853792B0CAE9700E48DFE /* NifflerApp.swift */; };
		7468537C2B0CAE9700E48DFE /* ContentView.swift in Sources */ = {isa = PBXBuildFile; fileRef = 7468537B2B0CAE9700E48DFE /* ContentView.swift */; };
		7468537E2B0CAE9700E48DFE /* Item.swift in Sources */ = {isa = PBXBuildFile; fileRef = 7468537D2B0CAE9700E48DFE /* Item.swift */; };
		746853802B0CAE9900E48DFE /* Assets.xcassets in Resources */ = {isa = PBXBuildFile; fileRef = 7468537F2B0CAE9900E48DFE /* Assets.xcassets */; };
		746853832B0CAE9900E48DFE /* Preview Assets.xcassets in Resources */ = {isa = PBXBuildFile; fileRef = 746853822B0CAE9900E48DFE /* Preview Assets.xcassets */; };
		7468538D2B0CAE9900E48DFE /* NifflerTests.swift in Sources */ = {isa = PBXBuildFile; fileRef = 7468538C2B0CAE9900E48DFE /* NifflerTests.swift */; };
		746853972B0CAE9900E48DFE /* NifflerUITests.swift in Sources */ = {isa = PBXBuildFile; fileRef = 746853962B0CAE9900E48DFE /* NifflerUITests.swift */; };
		746853992B0CAE9900E48DFE /* NifflerUITestsLaunchTests.swift in Sources */ = {isa = PBXBuildFile; fileRef = 746853982B0CAE9900E48DFE /* NifflerUITestsLaunchTests.swift */; };
		749E20F62B0CB0070045F4E3 /* Api in Frameworks */ = {isa = PBXBuildFile; productRef = 749E20F52B0CB0070045F4E3 /* Api */; };
		A90083552BBA870400EB9D32 /* AppColors.swift in Sources */ = {isa = PBXBuildFile; fileRef = A90083542BBA870400EB9D32 /* AppColors.swift */; };
		A90083592BBA8CD100EB9D32 /* YoungSerif-Regular.ttf in Resources */ = {isa = PBXBuildFile; fileRef = A90083582BBA8CD100EB9D32 /* YoungSerif-Regular.ttf */; };
		A91CF2C22BD1491700FDA3D7 /* MainView.swift in Sources */ = {isa = PBXBuildFile; fileRef = A91CF2C12BD1491700FDA3D7 /* MainView.swift */; };
		A91CF2C42BD14C2800FDA3D7 /* HeaderView.swift in Sources */ = {isa = PBXBuildFile; fileRef = A91CF2C32BD14C2800FDA3D7 /* HeaderView.swift */; };
		A93B91C22B21977D001B6DF3 /* DetailSpendView.swift in Sources */ = {isa = PBXBuildFile; fileRef = A93B91C12B21977D001B6DF3 /* DetailSpendView.swift */; };
		A93D7D8E2BCFACE700AD8919 /* MenuView.swift in Sources */ = {isa = PBXBuildFile; fileRef = A93D7D8D2BCFACE700AD8919 /* MenuView.swift */; };
		A93EDB892BC50E52005454A0 /* CheckboxToggleStyle.swift in Sources */ = {isa = PBXBuildFile; fileRef = A93EDB882BC50E52005454A0 /* CheckboxToggleStyle.swift */; };
		A94CFBFE2B204CEB00BFD09F /* SharedAccessibilityIdentifier.swift in Sources */ = {isa = PBXBuildFile; fileRef = A94CFBFD2B204CEB00BFD09F /* SharedAccessibilityIdentifier.swift */; };
		A94CFBFF2B204CF100BFD09F /* SharedAccessibilityIdentifier.swift in Sources */ = {isa = PBXBuildFile; fileRef = A94CFBFD2B204CEB00BFD09F /* SharedAccessibilityIdentifier.swift */; };
		A94CFC032B204F8C00BFD09F /* LoginScreen.swift in Sources */ = {isa = PBXBuildFile; fileRef = A94CFC022B204F8C00BFD09F /* LoginScreen.swift */; };
		A94CFC052B204FC400BFD09F /* BaseScreen.swift in Sources */ = {isa = PBXBuildFile; fileRef = A94CFC042B204FC400BFD09F /* BaseScreen.swift */; };
		A94CFC072B204FE600BFD09F /* SpendsScreen.swift in Sources */ = {isa = PBXBuildFile; fileRef = A94CFC062B204FE600BFD09F /* SpendsScreen.swift */; };
		A9620BDE2B5795B100602D2C /* SpendCard.swift in Sources */ = {isa = PBXBuildFile; fileRef = A9620BDD2B5795B100602D2C /* SpendCard.swift */; };
		A9620BE12B579A7200602D2C /* View+Extensions.swift in Sources */ = {isa = PBXBuildFile; fileRef = A9620BE02B579A7200602D2C /* View+Extensions.swift */; };
		A967D0802B0CB22400410674 /* LoginView.swift in Sources */ = {isa = PBXBuildFile; fileRef = A967D07F2B0CB22400410674 /* LoginView.swift */; };
		A97A49F12C216AF300320013 /* StatisticView.swift in Sources */ = {isa = PBXBuildFile; fileRef = A97A49F02C216AF300320013 /* StatisticView.swift */; };
		A9880A0A2B735DA70088E892 /* UserData.swift in Sources */ = {isa = PBXBuildFile; fileRef = A9880A092B735DA70088E892 /* UserData.swift */; };
		A9CE1B502B68CF7900FBF15C /* ProfileView.swift in Sources */ = {isa = PBXBuildFile; fileRef = A9CE1B4F2B68CF7900FBF15C /* ProfileView.swift */; };
		A9D238732B60EDEA00251316 /* Defaults.swift in Sources */ = {isa = PBXBuildFile; fileRef = A9D238722B60EDEA00251316 /* Defaults.swift */; };
		A9DAF9012BBBD3B200B941BE /* SignUpView.swift in Sources */ = {isa = PBXBuildFile; fileRef = A9DAF9002BBBD3B200B941BE /* SignUpView.swift */; };
		A9DAF9032BBBD5C400B941BE /* LogoView.swift in Sources */ = {isa = PBXBuildFile; fileRef = A9DAF9022BBBD5C400B941BE /* LogoView.swift */; };
		A9F0B4642B1066AF00E33941 /* SpendsView.swift in Sources */ = {isa = PBXBuildFile; fileRef = A9F0B4632B1066AF00E33941 /* SpendsView.swift */; };
		A9FCA79E2BEB760700A5A1D2 /* PasswordField.swift in Sources */ = {isa = PBXBuildFile; fileRef = A9FCA79D2BEB760700A5A1D2 /* PasswordField.swift */; };
/* End PBXBuildFile section */

/* Begin PBXContainerItemProxy section */
		746853892B0CAE9900E48DFE /* PBXContainerItemProxy */ = {
			isa = PBXContainerItemProxy;
			containerPortal = 7468536E2B0CAE9700E48DFE /* Project object */;
			proxyType = 1;
			remoteGlobalIDString = 746853752B0CAE9700E48DFE;
			remoteInfo = Niffler;
		};
		746853932B0CAE9900E48DFE /* PBXContainerItemProxy */ = {
			isa = PBXContainerItemProxy;
			containerPortal = 7468536E2B0CAE9700E48DFE /* Project object */;
			proxyType = 1;
			remoteGlobalIDString = 746853752B0CAE9700E48DFE;
			remoteInfo = Niffler;
		};
/* End PBXContainerItemProxy section */

/* Begin PBXFileReference section */
		746853762B0CAE9700E48DFE /* Niffler.app */ = {isa = PBXFileReference; explicitFileType = wrapper.application; includeInIndex = 0; path = Niffler.app; sourceTree = BUILT_PRODUCTS_DIR; };
		746853792B0CAE9700E48DFE /* NifflerApp.swift */ = {isa = PBXFileReference; lastKnownFileType = sourcecode.swift; path = NifflerApp.swift; sourceTree = "<group>"; };
		7468537B2B0CAE9700E48DFE /* ContentView.swift */ = {isa = PBXFileReference; lastKnownFileType = sourcecode.swift; path = ContentView.swift; sourceTree = "<group>"; };
		7468537D2B0CAE9700E48DFE /* Item.swift */ = {isa = PBXFileReference; lastKnownFileType = sourcecode.swift; path = Item.swift; sourceTree = "<group>"; };
		7468537F2B0CAE9900E48DFE /* Assets.xcassets */ = {isa = PBXFileReference; lastKnownFileType = folder.assetcatalog; path = Assets.xcassets; sourceTree = "<group>"; };
		746853822B0CAE9900E48DFE /* Preview Assets.xcassets */ = {isa = PBXFileReference; lastKnownFileType = folder.assetcatalog; path = "Preview Assets.xcassets"; sourceTree = "<group>"; };
		746853882B0CAE9900E48DFE /* NifflerTests.xctest */ = {isa = PBXFileReference; explicitFileType = wrapper.cfbundle; includeInIndex = 0; path = NifflerTests.xctest; sourceTree = BUILT_PRODUCTS_DIR; };
		7468538C2B0CAE9900E48DFE /* NifflerTests.swift */ = {isa = PBXFileReference; lastKnownFileType = sourcecode.swift; path = NifflerTests.swift; sourceTree = "<group>"; };
		746853922B0CAE9900E48DFE /* NifflerUITests.xctest */ = {isa = PBXFileReference; explicitFileType = wrapper.cfbundle; includeInIndex = 0; path = NifflerUITests.xctest; sourceTree = BUILT_PRODUCTS_DIR; };
		746853962B0CAE9900E48DFE /* NifflerUITests.swift */ = {isa = PBXFileReference; lastKnownFileType = sourcecode.swift; path = NifflerUITests.swift; sourceTree = "<group>"; };
		746853982B0CAE9900E48DFE /* NifflerUITestsLaunchTests.swift */ = {isa = PBXFileReference; lastKnownFileType = sourcecode.swift; path = NifflerUITestsLaunchTests.swift; sourceTree = "<group>"; };
		749E20F22B0CAF1D0045F4E3 /* Api */ = {isa = PBXFileReference; lastKnownFileType = wrapper; path = Api; sourceTree = "<group>"; };
		749E20F32B0CAFD60045F4E3 /* Niffler.xctestplan */ = {isa = PBXFileReference; lastKnownFileType = text; path = Niffler.xctestplan; sourceTree = "<group>"; };
		74AA2FBC2B10C9F90070B8D9 /* Info.plist */ = {isa = PBXFileReference; lastKnownFileType = text.plist; path = Info.plist; sourceTree = "<group>"; };
		A90083542BBA870400EB9D32 /* AppColors.swift */ = {isa = PBXFileReference; lastKnownFileType = sourcecode.swift; path = AppColors.swift; sourceTree = "<group>"; };
		A90083582BBA8CD100EB9D32 /* YoungSerif-Regular.ttf */ = {isa = PBXFileReference; lastKnownFileType = file; path = "YoungSerif-Regular.ttf"; sourceTree = "<group>"; };
		A91CF2C12BD1491700FDA3D7 /* MainView.swift */ = {isa = PBXFileReference; lastKnownFileType = sourcecode.swift; path = MainView.swift; sourceTree = "<group>"; };
		A91CF2C32BD14C2800FDA3D7 /* HeaderView.swift */ = {isa = PBXFileReference; lastKnownFileType = sourcecode.swift; path = HeaderView.swift; sourceTree = "<group>"; };
		A93B91C12B21977D001B6DF3 /* DetailSpendView.swift */ = {isa = PBXFileReference; lastKnownFileType = sourcecode.swift; path = DetailSpendView.swift; sourceTree = "<group>"; };
		A93D7D8D2BCFACE700AD8919 /* MenuView.swift */ = {isa = PBXFileReference; lastKnownFileType = sourcecode.swift; path = MenuView.swift; sourceTree = "<group>"; };
		A93EDB882BC50E52005454A0 /* CheckboxToggleStyle.swift */ = {isa = PBXFileReference; lastKnownFileType = sourcecode.swift; path = CheckboxToggleStyle.swift; sourceTree = "<group>"; };
		A94CFBFD2B204CEB00BFD09F /* SharedAccessibilityIdentifier.swift */ = {isa = PBXFileReference; lastKnownFileType = sourcecode.swift; path = SharedAccessibilityIdentifier.swift; sourceTree = "<group>"; };
		A94CFC022B204F8C00BFD09F /* LoginScreen.swift */ = {isa = PBXFileReference; lastKnownFileType = sourcecode.swift; path = LoginScreen.swift; sourceTree = "<group>"; };
		A94CFC042B204FC400BFD09F /* BaseScreen.swift */ = {isa = PBXFileReference; lastKnownFileType = sourcecode.swift; path = BaseScreen.swift; sourceTree = "<group>"; };
		A94CFC062B204FE600BFD09F /* SpendsScreen.swift */ = {isa = PBXFileReference; lastKnownFileType = sourcecode.swift; path = SpendsScreen.swift; sourceTree = "<group>"; };
		A9620BDD2B5795B100602D2C /* SpendCard.swift */ = {isa = PBXFileReference; lastKnownFileType = sourcecode.swift; path = SpendCard.swift; sourceTree = "<group>"; };
		A9620BE02B579A7200602D2C /* View+Extensions.swift */ = {isa = PBXFileReference; lastKnownFileType = sourcecode.swift; path = "View+Extensions.swift"; sourceTree = "<group>"; };
		A967D07F2B0CB22400410674 /* LoginView.swift */ = {isa = PBXFileReference; lastKnownFileType = sourcecode.swift; path = LoginView.swift; sourceTree = "<group>"; };
		A97A49F02C216AF300320013 /* StatisticView.swift */ = {isa = PBXFileReference; lastKnownFileType = sourcecode.swift; path = StatisticView.swift; sourceTree = "<group>"; };
		A9880A092B735DA70088E892 /* UserData.swift */ = {isa = PBXFileReference; lastKnownFileType = sourcecode.swift; path = UserData.swift; sourceTree = "<group>"; };
		A9CE1B4F2B68CF7900FBF15C /* ProfileView.swift */ = {isa = PBXFileReference; lastKnownFileType = sourcecode.swift; path = ProfileView.swift; sourceTree = "<group>"; };
		A9D238722B60EDEA00251316 /* Defaults.swift */ = {isa = PBXFileReference; lastKnownFileType = sourcecode.swift; path = Defaults.swift; sourceTree = "<group>"; };
		A9DAF9002BBBD3B200B941BE /* SignUpView.swift */ = {isa = PBXFileReference; lastKnownFileType = sourcecode.swift; path = SignUpView.swift; sourceTree = "<group>"; };
		A9DAF9022BBBD5C400B941BE /* LogoView.swift */ = {isa = PBXFileReference; lastKnownFileType = sourcecode.swift; path = LogoView.swift; sourceTree = "<group>"; };
		A9F0B4632B1066AF00E33941 /* SpendsView.swift */ = {isa = PBXFileReference; lastKnownFileType = sourcecode.swift; path = SpendsView.swift; sourceTree = "<group>"; };
		A9FCA79D2BEB760700A5A1D2 /* PasswordField.swift */ = {isa = PBXFileReference; lastKnownFileType = sourcecode.swift; path = PasswordField.swift; sourceTree = "<group>"; };
/* End PBXFileReference section */

/* Begin PBXFrameworksBuildPhase section */
		746853732B0CAE9700E48DFE /* Frameworks */ = {
			isa = PBXFrameworksBuildPhase;
			buildActionMask = 2147483647;
			files = (
				749E20F62B0CB0070045F4E3 /* Api in Frameworks */,
			);
			runOnlyForDeploymentPostprocessing = 0;
		};
		746853852B0CAE9900E48DFE /* Frameworks */ = {
			isa = PBXFrameworksBuildPhase;
			buildActionMask = 2147483647;
			files = (
			);
			runOnlyForDeploymentPostprocessing = 0;
		};
		7468538F2B0CAE9900E48DFE /* Frameworks */ = {
			isa = PBXFrameworksBuildPhase;
			buildActionMask = 2147483647;
			files = (
			);
			runOnlyForDeploymentPostprocessing = 0;
		};
/* End PBXFrameworksBuildPhase section */

/* Begin PBXGroup section */
		7468536D2B0CAE9700E48DFE = {
			isa = PBXGroup;
			children = (
				749E20F32B0CAFD60045F4E3 /* Niffler.xctestplan */,
				749E20F22B0CAF1D0045F4E3 /* Api */,
				746853782B0CAE9700E48DFE /* Niffler */,
				7468538B2B0CAE9900E48DFE /* NifflerTests */,
				746853952B0CAE9900E48DFE /* NifflerUITests */,
				746853772B0CAE9700E48DFE /* Products */,
			);
			sourceTree = "<group>";
		};
		746853772B0CAE9700E48DFE /* Products */ = {
			isa = PBXGroup;
			children = (
				746853762B0CAE9700E48DFE /* Niffler.app */,
				746853882B0CAE9900E48DFE /* NifflerTests.xctest */,
				746853922B0CAE9900E48DFE /* NifflerUITests.xctest */,
			);
			name = Products;
			sourceTree = "<group>";
		};
		746853782B0CAE9700E48DFE /* Niffler */ = {
			isa = PBXGroup;
			children = (
				A9880A082B735D8C0088E892 /* DataModels */,
				A9620BDF2B579A5500602D2C /* Helpers */,
				74AA2FBC2B10C9F90070B8D9 /* Info.plist */,
				A90083582BBA8CD100EB9D32 /* YoungSerif-Regular.ttf */,
				746853792B0CAE9700E48DFE /* NifflerApp.swift */,
				7468537B2B0CAE9700E48DFE /* ContentView.swift */,
				A94CFBFD2B204CEB00BFD09F /* SharedAccessibilityIdentifier.swift */,
				A967D07E2B0CB20500410674 /* VIew */,
				7468537D2B0CAE9700E48DFE /* Item.swift */,
				7468537F2B0CAE9900E48DFE /* Assets.xcassets */,
				746853812B0CAE9900E48DFE /* Preview Content */,
			);
			path = Niffler;
			sourceTree = "<group>";
		};
		746853812B0CAE9900E48DFE /* Preview Content */ = {
			isa = PBXGroup;
			children = (
				746853822B0CAE9900E48DFE /* Preview Assets.xcassets */,
			);
			path = "Preview Content";
			sourceTree = "<group>";
		};
		7468538B2B0CAE9900E48DFE /* NifflerTests */ = {
			isa = PBXGroup;
			children = (
				7468538C2B0CAE9900E48DFE /* NifflerTests.swift */,
			);
			path = NifflerTests;
			sourceTree = "<group>";
		};
		746853952B0CAE9900E48DFE /* NifflerUITests */ = {
			isa = PBXGroup;
			children = (
				A94CFC012B204F7D00BFD09F /* Screens */,
				A94CFC002B204F7600BFD09F /* Base */,
				746853962B0CAE9900E48DFE /* NifflerUITests.swift */,
				746853982B0CAE9900E48DFE /* NifflerUITestsLaunchTests.swift */,
			);
			path = NifflerUITests;
			sourceTree = "<group>";
		};
		A94CFC002B204F7600BFD09F /* Base */ = {
			isa = PBXGroup;
			children = (
				A94CFC042B204FC400BFD09F /* BaseScreen.swift */,
			);
			path = Base;
			sourceTree = "<group>";
		};
		A94CFC012B204F7D00BFD09F /* Screens */ = {
			isa = PBXGroup;
			children = (
				A94CFC022B204F8C00BFD09F /* LoginScreen.swift */,
				A94CFC062B204FE600BFD09F /* SpendsScreen.swift */,
			);
			path = Screens;
			sourceTree = "<group>";
		};
		A9620BDF2B579A5500602D2C /* Helpers */ = {
			isa = PBXGroup;
			children = (
				A9620BE02B579A7200602D2C /* View+Extensions.swift */,
				A9FCA79D2BEB760700A5A1D2 /* PasswordField.swift */,
				A9D238722B60EDEA00251316 /* Defaults.swift */,
				A9DAF9022BBBD5C400B941BE /* LogoView.swift */,
				A90083542BBA870400EB9D32 /* AppColors.swift */,
				A93EDB882BC50E52005454A0 /* CheckboxToggleStyle.swift */,
			);
			path = Helpers;
			sourceTree = "<group>";
		};
		A967D07E2B0CB20500410674 /* VIew */ = {
			isa = PBXGroup;
			children = (
				A967D07F2B0CB22400410674 /* LoginView.swift */,
				A97A49F02C216AF300320013 /* StatisticView.swift */,
				A9DAF9002BBBD3B200B941BE /* SignUpView.swift */,
				A9F0B4632B1066AF00E33941 /* SpendsView.swift */,
				A93B91C12B21977D001B6DF3 /* DetailSpendView.swift */,
				A9620BDD2B5795B100602D2C /* SpendCard.swift */,
				A9CE1B4F2B68CF7900FBF15C /* ProfileView.swift */,
				A93D7D8D2BCFACE700AD8919 /* MenuView.swift */,
				A91CF2C12BD1491700FDA3D7 /* MainView.swift */,
				A91CF2C32BD14C2800FDA3D7 /* HeaderView.swift */,
			);
			path = VIew;
			sourceTree = "<group>";
		};
		A9880A082B735D8C0088E892 /* DataModels */ = {
			isa = PBXGroup;
			children = (
				A9880A092B735DA70088E892 /* UserData.swift */,
			);
			path = DataModels;
			sourceTree = "<group>";
		};
/* End PBXGroup section */

/* Begin PBXNativeTarget section */
		746853752B0CAE9700E48DFE /* Niffler */ = {
			isa = PBXNativeTarget;
			buildConfigurationList = 7468539C2B0CAE9900E48DFE /* Build configuration list for PBXNativeTarget "Niffler" */;
			buildPhases = (
				746853722B0CAE9700E48DFE /* Sources */,
				746853732B0CAE9700E48DFE /* Frameworks */,
				746853742B0CAE9700E48DFE /* Resources */,
			);
			buildRules = (
			);
			dependencies = (
			);
			name = Niffler;
			packageProductDependencies = (
				749E20F52B0CB0070045F4E3 /* Api */,
			);
			productName = Niffler;
			productReference = 746853762B0CAE9700E48DFE /* Niffler.app */;
			productType = "com.apple.product-type.application";
		};
		746853872B0CAE9900E48DFE /* NifflerTests */ = {
			isa = PBXNativeTarget;
			buildConfigurationList = 7468539F2B0CAE9900E48DFE /* Build configuration list for PBXNativeTarget "NifflerTests" */;
			buildPhases = (
				746853842B0CAE9900E48DFE /* Sources */,
				746853852B0CAE9900E48DFE /* Frameworks */,
				746853862B0CAE9900E48DFE /* Resources */,
			);
			buildRules = (
			);
			dependencies = (
				7468538A2B0CAE9900E48DFE /* PBXTargetDependency */,
			);
			name = NifflerTests;
			productName = NifflerTests;
			productReference = 746853882B0CAE9900E48DFE /* NifflerTests.xctest */;
			productType = "com.apple.product-type.bundle.unit-test";
		};
		746853912B0CAE9900E48DFE /* NifflerUITests */ = {
			isa = PBXNativeTarget;
			buildConfigurationList = 746853A22B0CAE9900E48DFE /* Build configuration list for PBXNativeTarget "NifflerUITests" */;
			buildPhases = (
				7468538E2B0CAE9900E48DFE /* Sources */,
				7468538F2B0CAE9900E48DFE /* Frameworks */,
				746853902B0CAE9900E48DFE /* Resources */,
			);
			buildRules = (
			);
			dependencies = (
				746853942B0CAE9900E48DFE /* PBXTargetDependency */,
			);
			name = NifflerUITests;
			productName = NifflerUITests;
			productReference = 746853922B0CAE9900E48DFE /* NifflerUITests.xctest */;
			productType = "com.apple.product-type.bundle.ui-testing";
		};
/* End PBXNativeTarget section */

/* Begin PBXProject section */
		7468536E2B0CAE9700E48DFE /* Project object */ = {
			isa = PBXProject;
			attributes = {
				BuildIndependentTargetsInParallel = 1;
				LastSwiftUpdateCheck = 1500;
				LastUpgradeCheck = 1500;
				TargetAttributes = {
					746853752B0CAE9700E48DFE = {
						CreatedOnToolsVersion = 15.0;
					};
					746853872B0CAE9900E48DFE = {
						CreatedOnToolsVersion = 15.0;
						TestTargetID = 746853752B0CAE9700E48DFE;
					};
					746853912B0CAE9900E48DFE = {
						CreatedOnToolsVersion = 15.0;
						TestTargetID = 746853752B0CAE9700E48DFE;
					};
				};
			};
			buildConfigurationList = 746853712B0CAE9700E48DFE /* Build configuration list for PBXProject "Niffler" */;
			compatibilityVersion = "Xcode 14.0";
			developmentRegion = en;
			hasScannedForEncodings = 0;
			knownRegions = (
				en,
				Base,
			);
			mainGroup = 7468536D2B0CAE9700E48DFE;
			packageReferences = (
				749E20F42B0CB0070045F4E3 /* XCLocalSwiftPackageReference "Api" */,
			);
			productRefGroup = 746853772B0CAE9700E48DFE /* Products */;
			projectDirPath = "";
			projectRoot = "";
			targets = (
				746853752B0CAE9700E48DFE /* Niffler */,
				746853872B0CAE9900E48DFE /* NifflerTests */,
				746853912B0CAE9900E48DFE /* NifflerUITests */,
			);
		};
/* End PBXProject section */

/* Begin PBXResourcesBuildPhase section */
		746853742B0CAE9700E48DFE /* Resources */ = {
			isa = PBXResourcesBuildPhase;
			buildActionMask = 2147483647;
			files = (
				746853832B0CAE9900E48DFE /* Preview Assets.xcassets in Resources */,
				A90083592BBA8CD100EB9D32 /* YoungSerif-Regular.ttf in Resources */,
				746853802B0CAE9900E48DFE /* Assets.xcassets in Resources */,
			);
			runOnlyForDeploymentPostprocessing = 0;
		};
		746853862B0CAE9900E48DFE /* Resources */ = {
			isa = PBXResourcesBuildPhase;
			buildActionMask = 2147483647;
			files = (
			);
			runOnlyForDeploymentPostprocessing = 0;
		};
		746853902B0CAE9900E48DFE /* Resources */ = {
			isa = PBXResourcesBuildPhase;
			buildActionMask = 2147483647;
			files = (
			);
			runOnlyForDeploymentPostprocessing = 0;
		};
/* End PBXResourcesBuildPhase section */

/* Begin PBXSourcesBuildPhase section */
		746853722B0CAE9700E48DFE /* Sources */ = {
			isa = PBXSourcesBuildPhase;
			buildActionMask = 2147483647;
			files = (
				7468537C2B0CAE9700E48DFE /* ContentView.swift in Sources */,
				A91CF2C22BD1491700FDA3D7 /* MainView.swift in Sources */,
				A9620BE12B579A7200602D2C /* View+Extensions.swift in Sources */,
				7468537E2B0CAE9700E48DFE /* Item.swift in Sources */,
				A90083552BBA870400EB9D32 /* AppColors.swift in Sources */,
				A967D0802B0CB22400410674 /* LoginView.swift in Sources */,
				A91CF2C42BD14C2800FDA3D7 /* HeaderView.swift in Sources */,
				A97A49F12C216AF300320013 /* StatisticView.swift in Sources */,
				A93B91C22B21977D001B6DF3 /* DetailSpendView.swift in Sources */,
				7468537A2B0CAE9700E48DFE /* NifflerApp.swift in Sources */,
				A93D7D8E2BCFACE700AD8919 /* MenuView.swift in Sources */,
				A93EDB892BC50E52005454A0 /* CheckboxToggleStyle.swift in Sources */,
				A9880A0A2B735DA70088E892 /* UserData.swift in Sources */,
				A94CFBFE2B204CEB00BFD09F /* SharedAccessibilityIdentifier.swift in Sources */,
				A9FCA79E2BEB760700A5A1D2 /* PasswordField.swift in Sources */,
				A9D238732B60EDEA00251316 /* Defaults.swift in Sources */,
				A9DAF9012BBBD3B200B941BE /* SignUpView.swift in Sources */,
				A9620BDE2B5795B100602D2C /* SpendCard.swift in Sources */,
				A9CE1B502B68CF7900FBF15C /* ProfileView.swift in Sources */,
				A9F0B4642B1066AF00E33941 /* SpendsView.swift in Sources */,
				A9DAF9032BBBD5C400B941BE /* LogoView.swift in Sources */,
			);
			runOnlyForDeploymentPostprocessing = 0;
		};
		746853842B0CAE9900E48DFE /* Sources */ = {
			isa = PBXSourcesBuildPhase;
			buildActionMask = 2147483647;
			files = (
				7468538D2B0CAE9900E48DFE /* NifflerTests.swift in Sources */,
			);
			runOnlyForDeploymentPostprocessing = 0;
		};
		7468538E2B0CAE9900E48DFE /* Sources */ = {
			isa = PBXSourcesBuildPhase;
			buildActionMask = 2147483647;
			files = (
				746853972B0CAE9900E48DFE /* NifflerUITests.swift in Sources */,
				A94CFC032B204F8C00BFD09F /* LoginScreen.swift in Sources */,
				A94CFC072B204FE600BFD09F /* SpendsScreen.swift in Sources */,
				A94CFBFF2B204CF100BFD09F /* SharedAccessibilityIdentifier.swift in Sources */,
				746853992B0CAE9900E48DFE /* NifflerUITestsLaunchTests.swift in Sources */,
				A94CFC052B204FC400BFD09F /* BaseScreen.swift in Sources */,
			);
			runOnlyForDeploymentPostprocessing = 0;
		};
/* End PBXSourcesBuildPhase section */

/* Begin PBXTargetDependency section */
		7468538A2B0CAE9900E48DFE /* PBXTargetDependency */ = {
			isa = PBXTargetDependency;
			target = 746853752B0CAE9700E48DFE /* Niffler */;
			targetProxy = 746853892B0CAE9900E48DFE /* PBXContainerItemProxy */;
		};
		746853942B0CAE9900E48DFE /* PBXTargetDependency */ = {
			isa = PBXTargetDependency;
			target = 746853752B0CAE9700E48DFE /* Niffler */;
			targetProxy = 746853932B0CAE9900E48DFE /* PBXContainerItemProxy */;
		};
/* End PBXTargetDependency section */

/* Begin XCBuildConfiguration section */
		7468539A2B0CAE9900E48DFE /* Debug */ = {
			isa = XCBuildConfiguration;
			buildSettings = {
				ALWAYS_SEARCH_USER_PATHS = NO;
				ASSETCATALOG_COMPILER_GENERATE_SWIFT_ASSET_SYMBOL_EXTENSIONS = YES;
				CLANG_ANALYZER_NONNULL = YES;
				CLANG_ANALYZER_NUMBER_OBJECT_CONVERSION = YES_AGGRESSIVE;
				CLANG_CXX_LANGUAGE_STANDARD = "gnu++20";
				CLANG_ENABLE_MODULES = YES;
				CLANG_ENABLE_OBJC_ARC = YES;
				CLANG_ENABLE_OBJC_WEAK = YES;
				CLANG_WARN_BLOCK_CAPTURE_AUTORELEASING = YES;
				CLANG_WARN_BOOL_CONVERSION = YES;
				CLANG_WARN_COMMA = YES;
				CLANG_WARN_CONSTANT_CONVERSION = YES;
				CLANG_WARN_DEPRECATED_OBJC_IMPLEMENTATIONS = YES;
				CLANG_WARN_DIRECT_OBJC_ISA_USAGE = YES_ERROR;
				CLANG_WARN_DOCUMENTATION_COMMENTS = YES;
				CLANG_WARN_EMPTY_BODY = YES;
				CLANG_WARN_ENUM_CONVERSION = YES;
				CLANG_WARN_INFINITE_RECURSION = YES;
				CLANG_WARN_INT_CONVERSION = YES;
				CLANG_WARN_NON_LITERAL_NULL_CONVERSION = YES;
				CLANG_WARN_OBJC_IMPLICIT_RETAIN_SELF = YES;
				CLANG_WARN_OBJC_LITERAL_CONVERSION = YES;
				CLANG_WARN_OBJC_ROOT_CLASS = YES_ERROR;
				CLANG_WARN_QUOTED_INCLUDE_IN_FRAMEWORK_HEADER = YES;
				CLANG_WARN_RANGE_LOOP_ANALYSIS = YES;
				CLANG_WARN_STRICT_PROTOTYPES = YES;
				CLANG_WARN_SUSPICIOUS_MOVE = YES;
				CLANG_WARN_UNGUARDED_AVAILABILITY = YES_AGGRESSIVE;
				CLANG_WARN_UNREACHABLE_CODE = YES;
				CLANG_WARN__DUPLICATE_METHOD_MATCH = YES;
				COPY_PHASE_STRIP = NO;
				DEBUG_INFORMATION_FORMAT = dwarf;
				ENABLE_STRICT_OBJC_MSGSEND = YES;
				ENABLE_TESTABILITY = YES;
				ENABLE_USER_SCRIPT_SANDBOXING = YES;
				GCC_C_LANGUAGE_STANDARD = gnu17;
				GCC_DYNAMIC_NO_PIC = NO;
				GCC_NO_COMMON_BLOCKS = YES;
				GCC_OPTIMIZATION_LEVEL = 0;
				GCC_PREPROCESSOR_DEFINITIONS = (
					"DEBUG=1",
					"$(inherited)",
				);
				GCC_WARN_64_TO_32_BIT_CONVERSION = YES;
				GCC_WARN_ABOUT_RETURN_TYPE = YES_ERROR;
				GCC_WARN_UNDECLARED_SELECTOR = YES;
				GCC_WARN_UNINITIALIZED_AUTOS = YES_AGGRESSIVE;
				GCC_WARN_UNUSED_FUNCTION = YES;
				GCC_WARN_UNUSED_VARIABLE = YES;
				IPHONEOS_DEPLOYMENT_TARGET = 17.0;
				LOCALIZATION_PREFERS_STRING_CATALOGS = YES;
				MTL_ENABLE_DEBUG_INFO = INCLUDE_SOURCE;
				MTL_FAST_MATH = YES;
				ONLY_ACTIVE_ARCH = YES;
				SDKROOT = iphoneos;
				SWIFT_ACTIVE_COMPILATION_CONDITIONS = "DEBUG $(inherited)";
				SWIFT_OPTIMIZATION_LEVEL = "-Onone";
			};
			name = Debug;
		};
		7468539B2B0CAE9900E48DFE /* Release */ = {
			isa = XCBuildConfiguration;
			buildSettings = {
				ALWAYS_SEARCH_USER_PATHS = NO;
				ASSETCATALOG_COMPILER_GENERATE_SWIFT_ASSET_SYMBOL_EXTENSIONS = YES;
				CLANG_ANALYZER_NONNULL = YES;
				CLANG_ANALYZER_NUMBER_OBJECT_CONVERSION = YES_AGGRESSIVE;
				CLANG_CXX_LANGUAGE_STANDARD = "gnu++20";
				CLANG_ENABLE_MODULES = YES;
				CLANG_ENABLE_OBJC_ARC = YES;
				CLANG_ENABLE_OBJC_WEAK = YES;
				CLANG_WARN_BLOCK_CAPTURE_AUTORELEASING = YES;
				CLANG_WARN_BOOL_CONVERSION = YES;
				CLANG_WARN_COMMA = YES;
				CLANG_WARN_CONSTANT_CONVERSION = YES;
				CLANG_WARN_DEPRECATED_OBJC_IMPLEMENTATIONS = YES;
				CLANG_WARN_DIRECT_OBJC_ISA_USAGE = YES_ERROR;
				CLANG_WARN_DOCUMENTATION_COMMENTS = YES;
				CLANG_WARN_EMPTY_BODY = YES;
				CLANG_WARN_ENUM_CONVERSION = YES;
				CLANG_WARN_INFINITE_RECURSION = YES;
				CLANG_WARN_INT_CONVERSION = YES;
				CLANG_WARN_NON_LITERAL_NULL_CONVERSION = YES;
				CLANG_WARN_OBJC_IMPLICIT_RETAIN_SELF = YES;
				CLANG_WARN_OBJC_LITERAL_CONVERSION = YES;
				CLANG_WARN_OBJC_ROOT_CLASS = YES_ERROR;
				CLANG_WARN_QUOTED_INCLUDE_IN_FRAMEWORK_HEADER = YES;
				CLANG_WARN_RANGE_LOOP_ANALYSIS = YES;
				CLANG_WARN_STRICT_PROTOTYPES = YES;
				CLANG_WARN_SUSPICIOUS_MOVE = YES;
				CLANG_WARN_UNGUARDED_AVAILABILITY = YES_AGGRESSIVE;
				CLANG_WARN_UNREACHABLE_CODE = YES;
				CLANG_WARN__DUPLICATE_METHOD_MATCH = YES;
				COPY_PHASE_STRIP = NO;
				DEBUG_INFORMATION_FORMAT = "dwarf-with-dsym";
				ENABLE_NS_ASSERTIONS = NO;
				ENABLE_STRICT_OBJC_MSGSEND = YES;
				ENABLE_USER_SCRIPT_SANDBOXING = YES;
				GCC_C_LANGUAGE_STANDARD = gnu17;
				GCC_NO_COMMON_BLOCKS = YES;
				GCC_WARN_64_TO_32_BIT_CONVERSION = YES;
				GCC_WARN_ABOUT_RETURN_TYPE = YES_ERROR;
				GCC_WARN_UNDECLARED_SELECTOR = YES;
				GCC_WARN_UNINITIALIZED_AUTOS = YES_AGGRESSIVE;
				GCC_WARN_UNUSED_FUNCTION = YES;
				GCC_WARN_UNUSED_VARIABLE = YES;
				IPHONEOS_DEPLOYMENT_TARGET = 17.0;
				LOCALIZATION_PREFERS_STRING_CATALOGS = YES;
				MTL_ENABLE_DEBUG_INFO = NO;
				MTL_FAST_MATH = YES;
				SDKROOT = iphoneos;
				SWIFT_COMPILATION_MODE = wholemodule;
				VALIDATE_PRODUCT = YES;
			};
			name = Release;
		};
		7468539D2B0CAE9900E48DFE /* Debug */ = {
			isa = XCBuildConfiguration;
			buildSettings = {
				ASSETCATALOG_COMPILER_APPICON_NAME = AppIcon;
				ASSETCATALOG_COMPILER_GLOBAL_ACCENT_COLOR_NAME = AccentColor;
				CODE_SIGN_STYLE = Automatic;
				CURRENT_PROJECT_VERSION = 1;
				DEVELOPMENT_ASSET_PATHS = "\"Niffler/Preview Content\"";
				DEVELOPMENT_TEAM = "";
				ENABLE_PREVIEWS = YES;
				GENERATE_INFOPLIST_FILE = YES;
				INFOPLIST_FILE = Niffler/Info.plist;
				INFOPLIST_KEY_UIApplicationSceneManifest_Generation = YES;
				INFOPLIST_KEY_UIApplicationSupportsIndirectInputEvents = YES;
				INFOPLIST_KEY_UILaunchScreen_Generation = YES;
				INFOPLIST_KEY_UISupportedInterfaceOrientations_iPad = "UIInterfaceOrientationPortrait UIInterfaceOrientationPortraitUpsideDown UIInterfaceOrientationLandscapeLeft UIInterfaceOrientationLandscapeRight";
				INFOPLIST_KEY_UISupportedInterfaceOrientations_iPhone = "UIInterfaceOrientationPortrait UIInterfaceOrientationLandscapeLeft UIInterfaceOrientationLandscapeRight";
				LD_RUNPATH_SEARCH_PATHS = (
					"$(inherited)",
					"@executable_path/Frameworks",
				);
				MARKETING_VERSION = 1.0;
				PRODUCT_BUNDLE_IDENTIFIER = com.akaDuality.Niffler;
				PRODUCT_NAME = "$(TARGET_NAME)";
				SWIFT_EMIT_LOC_STRINGS = YES;
				SWIFT_VERSION = 5.0;
				TARGETED_DEVICE_FAMILY = "1,2";
			};
			name = Debug;
		};
		7468539E2B0CAE9900E48DFE /* Release */ = {
			isa = XCBuildConfiguration;
			buildSettings = {
				ASSETCATALOG_COMPILER_APPICON_NAME = AppIcon;
				ASSETCATALOG_COMPILER_GLOBAL_ACCENT_COLOR_NAME = AccentColor;
				CODE_SIGN_STYLE = Automatic;
				CURRENT_PROJECT_VERSION = 1;
				DEVELOPMENT_ASSET_PATHS = "\"Niffler/Preview Content\"";
				DEVELOPMENT_TEAM = "";
				ENABLE_PREVIEWS = YES;
				GENERATE_INFOPLIST_FILE = YES;
				INFOPLIST_FILE = Niffler/Info.plist;
				INFOPLIST_KEY_UIApplicationSceneManifest_Generation = YES;
				INFOPLIST_KEY_UIApplicationSupportsIndirectInputEvents = YES;
				INFOPLIST_KEY_UILaunchScreen_Generation = YES;
				INFOPLIST_KEY_UISupportedInterfaceOrientations_iPad = "UIInterfaceOrientationPortrait UIInterfaceOrientationPortraitUpsideDown UIInterfaceOrientationLandscapeLeft UIInterfaceOrientationLandscapeRight";
				INFOPLIST_KEY_UISupportedInterfaceOrientations_iPhone = "UIInterfaceOrientationPortrait UIInterfaceOrientationLandscapeLeft UIInterfaceOrientationLandscapeRight";
				LD_RUNPATH_SEARCH_PATHS = (
					"$(inherited)",
					"@executable_path/Frameworks",
				);
				MARKETING_VERSION = 1.0;
				PRODUCT_BUNDLE_IDENTIFIER = com.akaDuality.Niffler;
				PRODUCT_NAME = "$(TARGET_NAME)";
				SWIFT_EMIT_LOC_STRINGS = YES;
				SWIFT_VERSION = 5.0;
				TARGETED_DEVICE_FAMILY = "1,2";
			};
			name = Release;
		};
		746853A02B0CAE9900E48DFE /* Debug */ = {
			isa = XCBuildConfiguration;
			buildSettings = {
				ALWAYS_EMBED_SWIFT_STANDARD_LIBRARIES = YES;
				BUNDLE_LOADER = "$(TEST_HOST)";
				CODE_SIGN_STYLE = Automatic;
				CURRENT_PROJECT_VERSION = 1;
				DEVELOPMENT_TEAM = P67Q4Q7HA9;
				GENERATE_INFOPLIST_FILE = YES;
				IPHONEOS_DEPLOYMENT_TARGET = 17.0;
				MARKETING_VERSION = 1.0;
				PRODUCT_BUNDLE_IDENTIFIER = com.akaDuality.NifflerTests;
				PRODUCT_NAME = "$(TARGET_NAME)";
				SWIFT_EMIT_LOC_STRINGS = NO;
				SWIFT_VERSION = 5.0;
				TARGETED_DEVICE_FAMILY = "1,2";
				TEST_HOST = "$(BUILT_PRODUCTS_DIR)/Niffler.app/$(BUNDLE_EXECUTABLE_FOLDER_PATH)/Niffler";
			};
			name = Debug;
		};
		746853A12B0CAE9900E48DFE /* Release */ = {
			isa = XCBuildConfiguration;
			buildSettings = {
				ALWAYS_EMBED_SWIFT_STANDARD_LIBRARIES = YES;
				BUNDLE_LOADER = "$(TEST_HOST)";
				CODE_SIGN_STYLE = Automatic;
				CURRENT_PROJECT_VERSION = 1;
				DEVELOPMENT_TEAM = P67Q4Q7HA9;
				GENERATE_INFOPLIST_FILE = YES;
				IPHONEOS_DEPLOYMENT_TARGET = 17.0;
				MARKETING_VERSION = 1.0;
				PRODUCT_BUNDLE_IDENTIFIER = com.akaDuality.NifflerTests;
				PRODUCT_NAME = "$(TARGET_NAME)";
				SWIFT_EMIT_LOC_STRINGS = NO;
				SWIFT_VERSION = 5.0;
				TARGETED_DEVICE_FAMILY = "1,2";
				TEST_HOST = "$(BUILT_PRODUCTS_DIR)/Niffler.app/$(BUNDLE_EXECUTABLE_FOLDER_PATH)/Niffler";
			};
			name = Release;
		};
		746853A32B0CAE9900E48DFE /* Debug */ = {
			isa = XCBuildConfiguration;
			buildSettings = {
				ALWAYS_EMBED_SWIFT_STANDARD_LIBRARIES = YES;
				CODE_SIGN_STYLE = Automatic;
				CURRENT_PROJECT_VERSION = 1;
				DEVELOPMENT_TEAM = P67Q4Q7HA9;
				GENERATE_INFOPLIST_FILE = YES;
				MARKETING_VERSION = 1.0;
				PRODUCT_BUNDLE_IDENTIFIER = com.akaDuality.NifflerUITests;
				PRODUCT_NAME = "$(TARGET_NAME)";
				SWIFT_EMIT_LOC_STRINGS = NO;
				SWIFT_VERSION = 5.0;
				TARGETED_DEVICE_FAMILY = "1,2";
				TEST_TARGET_NAME = Niffler;
			};
			name = Debug;
		};
		746853A42B0CAE9900E48DFE /* Release */ = {
			isa = XCBuildConfiguration;
			buildSettings = {
				ALWAYS_EMBED_SWIFT_STANDARD_LIBRARIES = YES;
				CODE_SIGN_STYLE = Automatic;
				CURRENT_PROJECT_VERSION = 1;
				DEVELOPMENT_TEAM = P67Q4Q7HA9;
				GENERATE_INFOPLIST_FILE = YES;
				MARKETING_VERSION = 1.0;
				PRODUCT_BUNDLE_IDENTIFIER = com.akaDuality.NifflerUITests;
				PRODUCT_NAME = "$(TARGET_NAME)";
				SWIFT_EMIT_LOC_STRINGS = NO;
				SWIFT_VERSION = 5.0;
				TARGETED_DEVICE_FAMILY = "1,2";
				TEST_TARGET_NAME = Niffler;
			};
			name = Release;
		};
/* End XCBuildConfiguration section */

/* Begin XCConfigurationList section */
		746853712B0CAE9700E48DFE /* Build configuration list for PBXProject "Niffler" */ = {
			isa = XCConfigurationList;
			buildConfigurations = (
				7468539A2B0CAE9900E48DFE /* Debug */,
				7468539B2B0CAE9900E48DFE /* Release */,
			);
			defaultConfigurationIsVisible = 0;
			defaultConfigurationName = Release;
		};
		7468539C2B0CAE9900E48DFE /* Build configuration list for PBXNativeTarget "Niffler" */ = {
			isa = XCConfigurationList;
			buildConfigurations = (
				7468539D2B0CAE9900E48DFE /* Debug */,
				7468539E2B0CAE9900E48DFE /* Release */,
			);
			defaultConfigurationIsVisible = 0;
			defaultConfigurationName = Release;
		};
		7468539F2B0CAE9900E48DFE /* Build configuration list for PBXNativeTarget "NifflerTests" */ = {
			isa = XCConfigurationList;
			buildConfigurations = (
				746853A02B0CAE9900E48DFE /* Debug */,
				746853A12B0CAE9900E48DFE /* Release */,
			);
			defaultConfigurationIsVisible = 0;
			defaultConfigurationName = Release;
		};
		746853A22B0CAE9900E48DFE /* Build configuration list for PBXNativeTarget "NifflerUITests" */ = {
			isa = XCConfigurationList;
			buildConfigurations = (
				746853A32B0CAE9900E48DFE /* Debug */,
				746853A42B0CAE9900E48DFE /* Release */,
			);
			defaultConfigurationIsVisible = 0;
			defaultConfigurationName = Release;
		};
/* End XCConfigurationList section */

/* Begin XCLocalSwiftPackageReference section */
		749E20F42B0CB0070045F4E3 /* XCLocalSwiftPackageReference "Api" */ = {
			isa = XCLocalSwiftPackageReference;
			relativePath = Api;
		};
/* End XCLocalSwiftPackageReference section */

/* Begin XCSwiftPackageProductDependency section */
		749E20F52B0CB0070045F4E3 /* Api */ = {
			isa = XCSwiftPackageProductDependency;
			productName = Api;
		};
/* End XCSwiftPackageProductDependency section */
	};
	rootObject = 7468536E2B0CAE9700E48DFE /* Project object */;
}
